// !$*UTF8*$!
{
	archiveVersion = 1;
	classes = {
	};
	objectVersion = 42;
	objects = {

/* Begin PBXBuildFile section */
		2F9ED68E14E9ED65002C09BB /* vectorField.cpp in Sources */ = {isa = PBXBuildFile; fileRef = 2F9ED68C14E9ED65002C09BB /* vectorField.cpp */; };
		922DE7F614F49F2C009857E5 /* CamaraLucida.cpp in Sources */ = {isa = PBXBuildFile; fileRef = 922DE7E614F49F2C009857E5 /* CamaraLucida.cpp */; };
		922DE7F714F49F2C009857E5 /* cmlMesh.cpp in Sources */ = {isa = PBXBuildFile; fileRef = 922DE7E914F49F2C009857E5 /* cmlMesh.cpp */; };
		922DE7F814F49F2C009857E5 /* cmlMesh_freenect.cpp in Sources */ = {isa = PBXBuildFile; fileRef = 922DE7ED14F49F2C009857E5 /* cmlMesh_freenect.cpp */; };
		922DE7F914F49F2C009857E5 /* cmlMesh_freenect_opencl.cpp in Sources */ = {isa = PBXBuildFile; fileRef = 922DE7EF14F49F2C009857E5 /* cmlMesh_freenect_opencl.cpp */; };
		922DE80514F49F6D009857E5 /* tinyxml.cpp in Sources */ = {isa = PBXBuildFile; fileRef = 922DE7FE14F49F6D009857E5 /* tinyxml.cpp */; };
		922DE80614F49F6D009857E5 /* tinyxmlerror.cpp in Sources */ = {isa = PBXBuildFile; fileRef = 922DE80014F49F6D009857E5 /* tinyxmlerror.cpp */; };
		922DE80714F49F6D009857E5 /* tinyxmlparser.cpp in Sources */ = {isa = PBXBuildFile; fileRef = 922DE80114F49F6D009857E5 /* tinyxmlparser.cpp */; };
		922DE80814F49F6D009857E5 /* ofxXmlSettings.cpp in Sources */ = {isa = PBXBuildFile; fileRef = 922DE80314F49F6D009857E5 /* ofxXmlSettings.cpp */; };
		922DE84D14F49FC3009857E5 /* Color.cpp in Sources */ = {isa = PBXBuildFile; fileRef = 922DE81314F49FC3009857E5 /* Color.cpp */; };
		922DE84E14F49FC3009857E5 /* MSACoreGL.cpp in Sources */ = {isa = PBXBuildFile; fileRef = 922DE81A14F49FC3009857E5 /* MSACoreGL.cpp */; };
		922DE85814F49FC3009857E5 /* MSAOpenCL.cpp in Sources */ = {isa = PBXBuildFile; fileRef = 922DE83C14F49FC3009857E5 /* MSAOpenCL.cpp */; };
		922DE85914F49FC3009857E5 /* MSAOpenCLBuffer.cpp in Sources */ = {isa = PBXBuildFile; fileRef = 922DE83E14F49FC3009857E5 /* MSAOpenCLBuffer.cpp */; };
		922DE85A14F49FC3009857E5 /* MSAOpenCLImage.cpp in Sources */ = {isa = PBXBuildFile; fileRef = 922DE84014F49FC3009857E5 /* MSAOpenCLImage.cpp */; };
		922DE85B14F49FC3009857E5 /* MSAOpenCLKernel.cpp in Sources */ = {isa = PBXBuildFile; fileRef = 922DE84314F49FC3009857E5 /* MSAOpenCLKernel.cpp */; };
		922DE85C14F49FC3009857E5 /* MSAOpenCLMemoryObject.cpp in Sources */ = {isa = PBXBuildFile; fileRef = 922DE84514F49FC3009857E5 /* MSAOpenCLMemoryObject.cpp */; };
		922DE85D14F49FC3009857E5 /* MSAOpenCLProgram.cpp in Sources */ = {isa = PBXBuildFile; fileRef = 922DE84714F49FC3009857E5 /* MSAOpenCLProgram.cpp */; };
		9277C02D14CB94AE008F5FF4 /* Calibration.cpp in Sources */ = {isa = PBXBuildFile; fileRef = 9277C02114CB94AE008F5FF4 /* Calibration.cpp */; };
		9277C02E14CB94AE008F5FF4 /* ContourFinder.cpp in Sources */ = {isa = PBXBuildFile; fileRef = 9277C02214CB94AE008F5FF4 /* ContourFinder.cpp */; };
		9277C02F14CB94AE008F5FF4 /* Distance.cpp in Sources */ = {isa = PBXBuildFile; fileRef = 9277C02314CB94AE008F5FF4 /* Distance.cpp */; };
		9277C03014CB94AE008F5FF4 /* Helpers.cpp in Sources */ = {isa = PBXBuildFile; fileRef = 9277C02414CB94AE008F5FF4 /* Helpers.cpp */; };
		9277C03114CB94AE008F5FF4 /* RunningBackground.cpp in Sources */ = {isa = PBXBuildFile; fileRef = 9277C02514CB94AE008F5FF4 /* RunningBackground.cpp */; };
		9277C03214CB94AE008F5FF4 /* Tracker.cpp in Sources */ = {isa = PBXBuildFile; fileRef = 9277C02614CB94AE008F5FF4 /* Tracker.cpp */; };
		9277C03314CB94AE008F5FF4 /* Utilities.cpp in Sources */ = {isa = PBXBuildFile; fileRef = 9277C02714CB94AE008F5FF4 /* Utilities.cpp */; };
		9277C03414CB94AE008F5FF4 /* Wrappers.cpp in Sources */ = {isa = PBXBuildFile; fileRef = 9277C02814CB94AE008F5FF4 /* Wrappers.cpp */; };
		92ED49B814FC25C4007A3292 /* cameras.c in Sources */ = {isa = PBXBuildFile; fileRef = 92ED495814FC25C3007A3292 /* cameras.c */; };
		92ED49B914FC25C4007A3292 /* core.c in Sources */ = {isa = PBXBuildFile; fileRef = 92ED495B14FC25C3007A3292 /* core.c */; };
		92ED49BB14FC25C4007A3292 /* registration.c in Sources */ = {isa = PBXBuildFile; fileRef = 92ED496614FC25C3007A3292 /* registration.c */; };
		92ED49BC14FC25C4007A3292 /* tilt.c in Sources */ = {isa = PBXBuildFile; fileRef = 92ED496814FC25C3007A3292 /* tilt.c */; };
		92ED49BD14FC25C4007A3292 /* usb_libusb10.c in Sources */ = {isa = PBXBuildFile; fileRef = 92ED496914FC25C3007A3292 /* usb_libusb10.c */; };
		92ED49BE14FC25C4007A3292 /* usb-1.0.a in Frameworks */ = {isa = PBXBuildFile; fileRef = 92ED497114FC25C3007A3292 /* usb-1.0.a */; };
		92ED49BF14FC25C4007A3292 /* ofxKinect.cpp in Sources */ = {isa = PBXBuildFile; fileRef = 92ED49A814FC25C3007A3292 /* ofxKinect.cpp */; };
		92ED49C014FC25C4007A3292 /* ofxKinectCalibration.cpp in Sources */ = {isa = PBXBuildFile; fileRef = 92ED49AA14FC25C3007A3292 /* ofxKinectCalibration.cpp */; };
		92ED49C114FC25C4007A3292 /* ofxKinectPlayer.cpp in Sources */ = {isa = PBXBuildFile; fileRef = 92ED49AC14FC25C3007A3292 /* ofxKinectPlayer.cpp */; };
		92ED49C214FC25C4007A3292 /* ofxKinectRecorder.cpp in Sources */ = {isa = PBXBuildFile; fileRef = 92ED49AE14FC25C3007A3292 /* ofxKinectRecorder.cpp */; };
		BBAB23CB13894F3D00AA2426 /* GLUT.framework in CopyFiles */ = {isa = PBXBuildFile; fileRef = BBAB23BE13894E4700AA2426 /* GLUT.framework */; };
		E4328149138ABC9F0047C5CB /* openFrameworksDebug.a in Frameworks */ = {isa = PBXBuildFile; fileRef = E4328148138ABC890047C5CB /* openFrameworksDebug.a */; };
		E45BE97B0E8CC7DD009D7055 /* AGL.framework in Frameworks */ = {isa = PBXBuildFile; fileRef = E45BE9710E8CC7DD009D7055 /* AGL.framework */; };
		E45BE97C0E8CC7DD009D7055 /* ApplicationServices.framework in Frameworks */ = {isa = PBXBuildFile; fileRef = E45BE9720E8CC7DD009D7055 /* ApplicationServices.framework */; };
		E45BE97D0E8CC7DD009D7055 /* AudioToolbox.framework in Frameworks */ = {isa = PBXBuildFile; fileRef = E45BE9730E8CC7DD009D7055 /* AudioToolbox.framework */; };
		E45BE97E0E8CC7DD009D7055 /* Carbon.framework in Frameworks */ = {isa = PBXBuildFile; fileRef = E45BE9740E8CC7DD009D7055 /* Carbon.framework */; };
		E45BE97F0E8CC7DD009D7055 /* CoreAudio.framework in Frameworks */ = {isa = PBXBuildFile; fileRef = E45BE9750E8CC7DD009D7055 /* CoreAudio.framework */; };
		E45BE9800E8CC7DD009D7055 /* CoreFoundation.framework in Frameworks */ = {isa = PBXBuildFile; fileRef = E45BE9760E8CC7DD009D7055 /* CoreFoundation.framework */; };
		E45BE9810E8CC7DD009D7055 /* CoreServices.framework in Frameworks */ = {isa = PBXBuildFile; fileRef = E45BE9770E8CC7DD009D7055 /* CoreServices.framework */; };
		E45BE9830E8CC7DD009D7055 /* OpenGL.framework in Frameworks */ = {isa = PBXBuildFile; fileRef = E45BE9790E8CC7DD009D7055 /* OpenGL.framework */; };
		E45BE9840E8CC7DD009D7055 /* QuickTime.framework in Frameworks */ = {isa = PBXBuildFile; fileRef = E45BE97A0E8CC7DD009D7055 /* QuickTime.framework */; };
		E4B69E200A3A1BDC003C02F2 /* main.cpp in Sources */ = {isa = PBXBuildFile; fileRef = E4B69E1D0A3A1BDC003C02F2 /* main.cpp */; };
		E4B69E210A3A1BDC003C02F2 /* testApp.cpp in Sources */ = {isa = PBXBuildFile; fileRef = E4B69E1E0A3A1BDC003C02F2 /* testApp.cpp */; };
		E4C2424710CC5A17004149E2 /* AppKit.framework in Frameworks */ = {isa = PBXBuildFile; fileRef = E4C2424410CC5A17004149E2 /* AppKit.framework */; };
		E4C2424810CC5A17004149E2 /* Cocoa.framework in Frameworks */ = {isa = PBXBuildFile; fileRef = E4C2424510CC5A17004149E2 /* Cocoa.framework */; };
		E4C2424910CC5A17004149E2 /* IOKit.framework in Frameworks */ = {isa = PBXBuildFile; fileRef = E4C2424610CC5A17004149E2 /* IOKit.framework */; };
		E4EB6799138ADC1D00A09F29 /* GLUT.framework in Frameworks */ = {isa = PBXBuildFile; fileRef = BBAB23BE13894E4700AA2426 /* GLUT.framework */; };
/* End PBXBuildFile section */

/* Begin PBXContainerItemProxy section */
		E4328147138ABC890047C5CB /* PBXContainerItemProxy */ = {
			isa = PBXContainerItemProxy;
			containerPortal = E4328143138ABC890047C5CB /* openFrameworksLib.xcodeproj */;
			proxyType = 2;
			remoteGlobalIDString = E4B27C1510CBEB8E00536013;
			remoteInfo = openFrameworks;
		};
		E4EEB9AB138B136A00A80321 /* PBXContainerItemProxy */ = {
			isa = PBXContainerItemProxy;
			containerPortal = E4328143138ABC890047C5CB /* openFrameworksLib.xcodeproj */;
			proxyType = 1;
			remoteGlobalIDString = E4B27C1410CBEB8E00536013;
			remoteInfo = openFrameworks;
		};
/* End PBXContainerItemProxy section */

/* Begin PBXCopyFilesBuildPhase section */
		E4C2427710CC5ABF004149E2 /* CopyFiles */ = {
			isa = PBXCopyFilesBuildPhase;
			buildActionMask = 2147483647;
			dstPath = "";
			dstSubfolderSpec = 10;
			files = (
				BBAB23CB13894F3D00AA2426 /* GLUT.framework in CopyFiles */,
			);
			runOnlyForDeploymentPostprocessing = 0;
		};
/* End PBXCopyFilesBuildPhase section */

/* Begin PBXFileReference section */
		2F9ED68C14E9ED65002C09BB /* vectorField.cpp */ = {isa = PBXFileReference; fileEncoding = 4; lastKnownFileType = sourcecode.cpp.cpp; path = vectorField.cpp; sourceTree = "<group>"; };
		2F9ED68D14E9ED65002C09BB /* vectorField.h */ = {isa = PBXFileReference; fileEncoding = 4; lastKnownFileType = sourcecode.c.h; path = vectorField.h; sourceTree = "<group>"; };
		2F9ED68F14E9EF84002C09BB /* Particle.h */ = {isa = PBXFileReference; fileEncoding = 4; lastKnownFileType = sourcecode.c.h; path = Particle.h; sourceTree = "<group>"; };
		922DE7E414F49F2C009857E5 /* README.md */ = {isa = PBXFileReference; fileEncoding = 4; lastKnownFileType = text; path = README.md; sourceTree = "<group>"; };
		922DE7E614F49F2C009857E5 /* CamaraLucida.cpp */ = {isa = PBXFileReference; fileEncoding = 4; lastKnownFileType = sourcecode.cpp.cpp; path = CamaraLucida.cpp; sourceTree = "<group>"; };
		922DE7E714F49F2C009857E5 /* CamaraLucida.h */ = {isa = PBXFileReference; fileEncoding = 4; lastKnownFileType = sourcecode.c.h; path = CamaraLucida.h; sourceTree = "<group>"; };
		922DE7E814F49F2C009857E5 /* cmlCalibration.h */ = {isa = PBXFileReference; fileEncoding = 4; lastKnownFileType = sourcecode.c.h; path = cmlCalibration.h; sourceTree = "<group>"; };
		922DE7E914F49F2C009857E5 /* cmlMesh.cpp */ = {isa = PBXFileReference; fileEncoding = 4; lastKnownFileType = sourcecode.cpp.cpp; path = cmlMesh.cpp; sourceTree = "<group>"; };
		922DE7EA14F49F2C009857E5 /* cmlMesh.h */ = {isa = PBXFileReference; fileEncoding = 4; lastKnownFileType = sourcecode.c.h; path = cmlMesh.h; sourceTree = "<group>"; };
		922DE7EB14F49F2C009857E5 /* cmlUtils.h */ = {isa = PBXFileReference; fileEncoding = 4; lastKnownFileType = sourcecode.c.h; path = cmlUtils.h; sourceTree = "<group>"; };
		922DE7ED14F49F2C009857E5 /* cmlMesh_freenect.cpp */ = {isa = PBXFileReference; fileEncoding = 4; lastKnownFileType = sourcecode.cpp.cpp; path = cmlMesh_freenect.cpp; sourceTree = "<group>"; };
		922DE7EE14F49F2C009857E5 /* cmlMesh_freenect.h */ = {isa = PBXFileReference; fileEncoding = 4; lastKnownFileType = sourcecode.c.h; path = cmlMesh_freenect.h; sourceTree = "<group>"; };
		922DE7EF14F49F2C009857E5 /* cmlMesh_freenect_opencl.cpp */ = {isa = PBXFileReference; fileEncoding = 4; lastKnownFileType = sourcecode.cpp.cpp; path = cmlMesh_freenect_opencl.cpp; sourceTree = "<group>"; };
		922DE7F014F49F2C009857E5 /* cmlMesh_freenect_opencl.h */ = {isa = PBXFileReference; fileEncoding = 4; lastKnownFileType = sourcecode.c.h; path = cmlMesh_freenect_opencl.h; sourceTree = "<group>"; };
		922DE7F114F49F2C009857E5 /* ofxPlane.h */ = {isa = PBXFileReference; fileEncoding = 4; lastKnownFileType = sourcecode.c.h; path = ofxPlane.h; sourceTree = "<group>"; };
		922DE7F514F49F2C009857E5 /* todo */ = {isa = PBXFileReference; fileEncoding = 4; lastKnownFileType = text; path = todo; sourceTree = "<group>"; };
		922DE7FC14F49F6D009857E5 /* install.xml */ = {isa = PBXFileReference; fileEncoding = 4; lastKnownFileType = text.xml; path = install.xml; sourceTree = "<group>"; };
		922DE7FE14F49F6D009857E5 /* tinyxml.cpp */ = {isa = PBXFileReference; fileEncoding = 4; lastKnownFileType = sourcecode.cpp.cpp; path = tinyxml.cpp; sourceTree = "<group>"; };
		922DE7FF14F49F6D009857E5 /* tinyxml.h */ = {isa = PBXFileReference; fileEncoding = 4; lastKnownFileType = sourcecode.c.h; path = tinyxml.h; sourceTree = "<group>"; };
		922DE80014F49F6D009857E5 /* tinyxmlerror.cpp */ = {isa = PBXFileReference; fileEncoding = 4; lastKnownFileType = sourcecode.cpp.cpp; path = tinyxmlerror.cpp; sourceTree = "<group>"; };
		922DE80114F49F6D009857E5 /* tinyxmlparser.cpp */ = {isa = PBXFileReference; fileEncoding = 4; lastKnownFileType = sourcecode.cpp.cpp; path = tinyxmlparser.cpp; sourceTree = "<group>"; };
		922DE80314F49F6D009857E5 /* ofxXmlSettings.cpp */ = {isa = PBXFileReference; fileEncoding = 4; lastKnownFileType = sourcecode.cpp.cpp; path = ofxXmlSettings.cpp; sourceTree = "<group>"; };
		922DE80414F49F6D009857E5 /* ofxXmlSettings.h */ = {isa = PBXFileReference; fileEncoding = 4; lastKnownFileType = sourcecode.c.h; path = ofxXmlSettings.h; sourceTree = "<group>"; };
		922DE80E14F49FC3009857E5 /* install.xml */ = {isa = PBXFileReference; fileEncoding = 4; lastKnownFileType = text.xml; path = install.xml; sourceTree = "<group>"; };
		922DE81114F49FC3009857E5 /* ChanTraits.h */ = {isa = PBXFileReference; fileEncoding = 4; lastKnownFileType = sourcecode.c.h; path = ChanTraits.h; sourceTree = "<group>"; };
		922DE81214F49FC3009857E5 /* CinderMath.h */ = {isa = PBXFileReference; fileEncoding = 4; lastKnownFileType = sourcecode.c.h; path = CinderMath.h; sourceTree = "<group>"; };
		922DE81314F49FC3009857E5 /* Color.cpp */ = {isa = PBXFileReference; fileEncoding = 4; lastKnownFileType = sourcecode.cpp.cpp; path = Color.cpp; sourceTree = "<group>"; };
		922DE81414F49FC3009857E5 /* Color.h */ = {isa = PBXFileReference; fileEncoding = 4; lastKnownFileType = sourcecode.c.h; path = Color.h; sourceTree = "<group>"; };
		922DE81514F49FC3009857E5 /* Vector.h */ = {isa = PBXFileReference; fileEncoding = 4; lastKnownFileType = sourcecode.c.h; path = Vector.h; sourceTree = "<group>"; };
		922DE81614F49FC3009857E5 /* MSACore-Cinder.h */ = {isa = PBXFileReference; fileEncoding = 4; lastKnownFileType = sourcecode.c.h; path = "MSACore-Cinder.h"; sourceTree = "<group>"; };
		922DE81714F49FC3009857E5 /* MSACore-OF.h */ = {isa = PBXFileReference; fileEncoding = 4; lastKnownFileType = sourcecode.c.h; path = "MSACore-OF.h"; sourceTree = "<group>"; };
		922DE81814F49FC3009857E5 /* MSACore.h */ = {isa = PBXFileReference; fileEncoding = 4; lastKnownFileType = sourcecode.c.h; path = MSACore.h; sourceTree = "<group>"; };
		922DE81914F49FC3009857E5 /* MSACoreCommon.h */ = {isa = PBXFileReference; fileEncoding = 4; lastKnownFileType = sourcecode.c.h; path = MSACoreCommon.h; sourceTree = "<group>"; };
		922DE81A14F49FC3009857E5 /* MSACoreGL.cpp */ = {isa = PBXFileReference; fileEncoding = 4; lastKnownFileType = sourcecode.cpp.cpp; path = MSACoreGL.cpp; sourceTree = "<group>"; };
		922DE81B14F49FC3009857E5 /* MSACoreGL.h */ = {isa = PBXFileReference; fileEncoding = 4; lastKnownFileType = sourcecode.c.h; path = MSACoreGL.h; sourceTree = "<group>"; };
		922DE81C14F49FC3009857E5 /* MSACoreMath.h */ = {isa = PBXFileReference; fileEncoding = 4; lastKnownFileType = sourcecode.c.h; path = MSACoreMath.h; sourceTree = "<group>"; };
		922DE81E14F49FC3009857E5 /* changelog.txt */ = {isa = PBXFileReference; fileEncoding = 4; lastKnownFileType = text; path = changelog.txt; sourceTree = "<group>"; };
		922DE83914F49FC3009857E5 /* install.xml */ = {isa = PBXFileReference; fileEncoding = 4; lastKnownFileType = text.xml; path = install.xml; sourceTree = "<group>"; };
		922DE83A14F49FC3009857E5 /* LICENSE.txt */ = {isa = PBXFileReference; fileEncoding = 4; lastKnownFileType = text; path = LICENSE.txt; sourceTree = "<group>"; };
		922DE83C14F49FC3009857E5 /* MSAOpenCL.cpp */ = {isa = PBXFileReference; fileEncoding = 4; lastKnownFileType = sourcecode.cpp.cpp; path = MSAOpenCL.cpp; sourceTree = "<group>"; };
		922DE83D14F49FC3009857E5 /* MSAOpenCL.h */ = {isa = PBXFileReference; fileEncoding = 4; lastKnownFileType = sourcecode.c.h; path = MSAOpenCL.h; sourceTree = "<group>"; };
		922DE83E14F49FC3009857E5 /* MSAOpenCLBuffer.cpp */ = {isa = PBXFileReference; fileEncoding = 4; lastKnownFileType = sourcecode.cpp.cpp; path = MSAOpenCLBuffer.cpp; sourceTree = "<group>"; };
		922DE83F14F49FC3009857E5 /* MSAOpenCLBuffer.h */ = {isa = PBXFileReference; fileEncoding = 4; lastKnownFileType = sourcecode.c.h; path = MSAOpenCLBuffer.h; sourceTree = "<group>"; };
		922DE84014F49FC3009857E5 /* MSAOpenCLImage.cpp */ = {isa = PBXFileReference; fileEncoding = 4; lastKnownFileType = sourcecode.cpp.cpp; path = MSAOpenCLImage.cpp; sourceTree = "<group>"; };
		922DE84114F49FC3009857E5 /* MSAOpenCLImage.h */ = {isa = PBXFileReference; fileEncoding = 4; lastKnownFileType = sourcecode.c.h; path = MSAOpenCLImage.h; sourceTree = "<group>"; };
		922DE84214F49FC3009857E5 /* MSAOpenCLImagePingPong.h */ = {isa = PBXFileReference; fileEncoding = 4; lastKnownFileType = sourcecode.c.h; path = MSAOpenCLImagePingPong.h; sourceTree = "<group>"; };
		922DE84314F49FC3009857E5 /* MSAOpenCLKernel.cpp */ = {isa = PBXFileReference; fileEncoding = 4; lastKnownFileType = sourcecode.cpp.cpp; path = MSAOpenCLKernel.cpp; sourceTree = "<group>"; };
		922DE84414F49FC3009857E5 /* MSAOpenCLKernel.h */ = {isa = PBXFileReference; fileEncoding = 4; lastKnownFileType = sourcecode.c.h; path = MSAOpenCLKernel.h; sourceTree = "<group>"; };
		922DE84514F49FC3009857E5 /* MSAOpenCLMemoryObject.cpp */ = {isa = PBXFileReference; fileEncoding = 4; lastKnownFileType = sourcecode.cpp.cpp; path = MSAOpenCLMemoryObject.cpp; sourceTree = "<group>"; };
		922DE84614F49FC3009857E5 /* MSAOpenCLMemoryObject.h */ = {isa = PBXFileReference; fileEncoding = 4; lastKnownFileType = sourcecode.c.h; path = MSAOpenCLMemoryObject.h; sourceTree = "<group>"; };
		922DE84714F49FC3009857E5 /* MSAOpenCLProgram.cpp */ = {isa = PBXFileReference; fileEncoding = 4; lastKnownFileType = sourcecode.cpp.cpp; path = MSAOpenCLProgram.cpp; sourceTree = "<group>"; };
		922DE84814F49FC3009857E5 /* MSAOpenCLProgram.h */ = {isa = PBXFileReference; fileEncoding = 4; lastKnownFileType = sourcecode.c.h; path = MSAOpenCLProgram.h; sourceTree = "<group>"; };
		922DE84914F49FC3009857E5 /* MSAOpenCLTypes.h */ = {isa = PBXFileReference; fileEncoding = 4; lastKnownFileType = sourcecode.c.h; path = MSAOpenCLTypes.h; sourceTree = "<group>"; };
		922DE84C14F49FC3009857E5 /* MSAPingPong.h */ = {isa = PBXFileReference; fileEncoding = 4; lastKnownFileType = sourcecode.c.h; path = MSAPingPong.h; sourceTree = "<group>"; };
		922DE86014F49FD2009857E5 /* ofxThread.h */ = {isa = PBXFileReference; fileEncoding = 4; lastKnownFileType = sourcecode.c.h; path = ofxThread.h; sourceTree = "<group>"; };
		923F486E14C1840800D6EA50 /* wire-lessDebug.app */ = {isa = PBXFileReference; explicitFileType = wrapper.application; includeInIndex = 0; path = "wire-lessDebug.app"; sourceTree = BUILT_PRODUCTS_DIR; };
		9277C01814CB94AE008F5FF4 /* Calibration.h */ = {isa = PBXFileReference; fileEncoding = 4; lastKnownFileType = sourcecode.c.h; path = Calibration.h; sourceTree = "<group>"; };
		9277C01914CB94AE008F5FF4 /* ContourFinder.h */ = {isa = PBXFileReference; fileEncoding = 4; lastKnownFileType = sourcecode.c.h; path = ContourFinder.h; sourceTree = "<group>"; };
		9277C01A14CB94AE008F5FF4 /* Distance.h */ = {isa = PBXFileReference; fileEncoding = 4; lastKnownFileType = sourcecode.c.h; path = Distance.h; sourceTree = "<group>"; };
		9277C01B14CB94AE008F5FF4 /* Helpers.h */ = {isa = PBXFileReference; fileEncoding = 4; lastKnownFileType = sourcecode.c.h; path = Helpers.h; sourceTree = "<group>"; };
		9277C01C14CB94AE008F5FF4 /* RunningBackground.h */ = {isa = PBXFileReference; fileEncoding = 4; lastKnownFileType = sourcecode.c.h; path = RunningBackground.h; sourceTree = "<group>"; };
		9277C01D14CB94AE008F5FF4 /* Tracker.h */ = {isa = PBXFileReference; fileEncoding = 4; lastKnownFileType = sourcecode.c.h; path = Tracker.h; sourceTree = "<group>"; };
		9277C01E14CB94AE008F5FF4 /* Utilities.h */ = {isa = PBXFileReference; fileEncoding = 4; lastKnownFileType = sourcecode.c.h; path = Utilities.h; sourceTree = "<group>"; };
		9277C01F14CB94AE008F5FF4 /* Wrappers.h */ = {isa = PBXFileReference; fileEncoding = 4; lastKnownFileType = sourcecode.c.h; path = Wrappers.h; sourceTree = "<group>"; };
		9277C02114CB94AE008F5FF4 /* Calibration.cpp */ = {isa = PBXFileReference; fileEncoding = 4; lastKnownFileType = sourcecode.cpp.cpp; path = Calibration.cpp; sourceTree = "<group>"; };
		9277C02214CB94AE008F5FF4 /* ContourFinder.cpp */ = {isa = PBXFileReference; fileEncoding = 4; lastKnownFileType = sourcecode.cpp.cpp; path = ContourFinder.cpp; sourceTree = "<group>"; };
		9277C02314CB94AE008F5FF4 /* Distance.cpp */ = {isa = PBXFileReference; fileEncoding = 4; lastKnownFileType = sourcecode.cpp.cpp; path = Distance.cpp; sourceTree = "<group>"; };
		9277C02414CB94AE008F5FF4 /* Helpers.cpp */ = {isa = PBXFileReference; fileEncoding = 4; lastKnownFileType = sourcecode.cpp.cpp; path = Helpers.cpp; sourceTree = "<group>"; };
		9277C02514CB94AE008F5FF4 /* RunningBackground.cpp */ = {isa = PBXFileReference; fileEncoding = 4; lastKnownFileType = sourcecode.cpp.cpp; path = RunningBackground.cpp; sourceTree = "<group>"; };
		9277C02614CB94AE008F5FF4 /* Tracker.cpp */ = {isa = PBXFileReference; fileEncoding = 4; lastKnownFileType = sourcecode.cpp.cpp; path = Tracker.cpp; sourceTree = "<group>"; };
		9277C02714CB94AE008F5FF4 /* Utilities.cpp */ = {isa = PBXFileReference; fileEncoding = 4; lastKnownFileType = sourcecode.cpp.cpp; path = Utilities.cpp; sourceTree = "<group>"; };
		9277C02814CB94AE008F5FF4 /* Wrappers.cpp */ = {isa = PBXFileReference; fileEncoding = 4; lastKnownFileType = sourcecode.cpp.cpp; path = Wrappers.cpp; sourceTree = "<group>"; };
		9277C02B14CB94AE008F5FF4 /* ofxCv.h */ = {isa = PBXFileReference; fileEncoding = 4; lastKnownFileType = sourcecode.c.h; path = ofxCv.h; sourceTree = "<group>"; };
		92ED495714FC25C3007A3292 /* APACHE20 */ = {isa = PBXFileReference; fileEncoding = 4; lastKnownFileType = text; path = APACHE20; sourceTree = "<group>"; };
		92ED495814FC25C3007A3292 /* cameras.c */ = {isa = PBXFileReference; fileEncoding = 4; lastKnownFileType = sourcecode.c.c; path = cameras.c; sourceTree = "<group>"; };
		92ED495914FC25C3007A3292 /* cameras.h */ = {isa = PBXFileReference; fileEncoding = 4; lastKnownFileType = sourcecode.c.h; path = cameras.h; sourceTree = "<group>"; };
		92ED495A14FC25C3007A3292 /* CONTRIB */ = {isa = PBXFileReference; fileEncoding = 4; lastKnownFileType = text; path = CONTRIB; sourceTree = "<group>"; };
		92ED495B14FC25C3007A3292 /* core.c */ = {isa = PBXFileReference; fileEncoding = 4; lastKnownFileType = sourcecode.c.c; path = core.c; sourceTree = "<group>"; };
		92ED495C14FC25C3007A3292 /* freenect_internal.h */ = {isa = PBXFileReference; fileEncoding = 4; lastKnownFileType = sourcecode.c.h; path = freenect_internal.h; sourceTree = "<group>"; };
		92ED495D14FC25C3007A3292 /* GPL2 */ = {isa = PBXFileReference; fileEncoding = 4; lastKnownFileType = text; path = GPL2; sourceTree = "<group>"; };
		92ED496214FC25C3007A3292 /* libfreenect-registration.h */ = {isa = PBXFileReference; fileEncoding = 4; lastKnownFileType = sourcecode.c.h; path = "libfreenect-registration.h"; sourceTree = "<group>"; };
		92ED496314FC25C3007A3292 /* libfreenect.h */ = {isa = PBXFileReference; fileEncoding = 4; lastKnownFileType = sourcecode.c.h; path = libfreenect.h; sourceTree = "<group>"; };
		92ED496414FC25C3007A3292 /* libfreenect.hpp */ = {isa = PBXFileReference; fileEncoding = 4; lastKnownFileType = sourcecode.cpp.h; path = libfreenect.hpp; sourceTree = "<group>"; };
		92ED496514FC25C3007A3292 /* libfreenect.pc.in */ = {isa = PBXFileReference; fileEncoding = 4; lastKnownFileType = text; path = libfreenect.pc.in; sourceTree = "<group>"; };
		92ED496614FC25C3007A3292 /* registration.c */ = {isa = PBXFileReference; fileEncoding = 4; lastKnownFileType = sourcecode.c.c; path = registration.c; sourceTree = "<group>"; };
		92ED496714FC25C3007A3292 /* registration.h */ = {isa = PBXFileReference; fileEncoding = 4; lastKnownFileType = sourcecode.c.h; path = registration.h; sourceTree = "<group>"; };
		92ED496814FC25C3007A3292 /* tilt.c */ = {isa = PBXFileReference; fileEncoding = 4; lastKnownFileType = sourcecode.c.c; path = tilt.c; sourceTree = "<group>"; };
		92ED496914FC25C3007A3292 /* usb_libusb10.c */ = {isa = PBXFileReference; fileEncoding = 4; lastKnownFileType = sourcecode.c.c; path = usb_libusb10.c; sourceTree = "<group>"; };
		92ED496A14FC25C3007A3292 /* usb_libusb10.h */ = {isa = PBXFileReference; fileEncoding = 4; lastKnownFileType = sourcecode.c.h; path = usb_libusb10.h; sourceTree = "<group>"; };
		92ED496F14FC25C3007A3292 /* libusb.h */ = {isa = PBXFileReference; fileEncoding = 4; lastKnownFileType = sourcecode.c.h; path = libusb.h; sourceTree = "<group>"; };
		92ED497114FC25C3007A3292 /* usb-1.0.a */ = {isa = PBXFileReference; lastKnownFileType = archive.ar; path = "usb-1.0.a"; sourceTree = "<group>"; };
		92ED49A414FC25C3007A3292 /* LICENSE.txt */ = {isa = PBXFileReference; fileEncoding = 4; lastKnownFileType = text; path = LICENSE.txt; sourceTree = "<group>"; };
		92ED49A514FC25C3007A3292 /* README.markdown */ = {isa = PBXFileReference; fileEncoding = 4; lastKnownFileType = text; path = README.markdown; sourceTree = "<group>"; };
		92ED49A714FC25C3007A3292 /* ofxBase3DVideo.h */ = {isa = PBXFileReference; fileEncoding = 4; lastKnownFileType = sourcecode.c.h; path = ofxBase3DVideo.h; sourceTree = "<group>"; };
		92ED49A814FC25C3007A3292 /* ofxKinect.cpp */ = {isa = PBXFileReference; fileEncoding = 4; lastKnownFileType = sourcecode.cpp.cpp; path = ofxKinect.cpp; sourceTree = "<group>"; };
		92ED49A914FC25C3007A3292 /* ofxKinect.h */ = {isa = PBXFileReference; fileEncoding = 4; lastKnownFileType = sourcecode.c.h; path = ofxKinect.h; sourceTree = "<group>"; };
		92ED49AA14FC25C3007A3292 /* ofxKinectCalibration.cpp */ = {isa = PBXFileReference; fileEncoding = 4; lastKnownFileType = sourcecode.cpp.cpp; path = ofxKinectCalibration.cpp; sourceTree = "<group>"; };
		92ED49AB14FC25C3007A3292 /* ofxKinectCalibration.h */ = {isa = PBXFileReference; fileEncoding = 4; lastKnownFileType = sourcecode.c.h; path = ofxKinectCalibration.h; sourceTree = "<group>"; };
		92ED49AC14FC25C3007A3292 /* ofxKinectPlayer.cpp */ = {isa = PBXFileReference; fileEncoding = 4; lastKnownFileType = sourcecode.cpp.cpp; path = ofxKinectPlayer.cpp; sourceTree = "<group>"; };
		92ED49AD14FC25C3007A3292 /* ofxKinectPlayer.h */ = {isa = PBXFileReference; fileEncoding = 4; lastKnownFileType = sourcecode.c.h; path = ofxKinectPlayer.h; sourceTree = "<group>"; };
		92ED49AE14FC25C3007A3292 /* ofxKinectRecorder.cpp */ = {isa = PBXFileReference; fileEncoding = 4; lastKnownFileType = sourcecode.cpp.cpp; path = ofxKinectRecorder.cpp; sourceTree = "<group>"; };
		92ED49AF14FC25C3007A3292 /* ofxKinectRecorder.h */ = {isa = PBXFileReference; fileEncoding = 4; lastKnownFileType = sourcecode.c.h; path = ofxKinectRecorder.h; sourceTree = "<group>"; };
		BBAB23BE13894E4700AA2426 /* GLUT.framework */ = {isa = PBXFileReference; lastKnownFileType = wrapper.framework; name = GLUT.framework; path = ../../../libs/glut/lib/osx/GLUT.framework; sourceTree = "<group>"; };
		E4328143138ABC890047C5CB /* openFrameworksLib.xcodeproj */ = {isa = PBXFileReference; lastKnownFileType = "wrapper.pb-project"; name = openFrameworksLib.xcodeproj; path = ../../../libs/openFrameworksCompiled/project/osx/openFrameworksLib.xcodeproj; sourceTree = SOURCE_ROOT; };
		E45BE9710E8CC7DD009D7055 /* AGL.framework */ = {isa = PBXFileReference; lastKnownFileType = wrapper.framework; name = AGL.framework; path = /System/Library/Frameworks/AGL.framework; sourceTree = "<absolute>"; };
		E45BE9720E8CC7DD009D7055 /* ApplicationServices.framework */ = {isa = PBXFileReference; lastKnownFileType = wrapper.framework; name = ApplicationServices.framework; path = /System/Library/Frameworks/ApplicationServices.framework; sourceTree = "<absolute>"; };
		E45BE9730E8CC7DD009D7055 /* AudioToolbox.framework */ = {isa = PBXFileReference; lastKnownFileType = wrapper.framework; name = AudioToolbox.framework; path = /System/Library/Frameworks/AudioToolbox.framework; sourceTree = "<absolute>"; };
		E45BE9740E8CC7DD009D7055 /* Carbon.framework */ = {isa = PBXFileReference; lastKnownFileType = wrapper.framework; name = Carbon.framework; path = /System/Library/Frameworks/Carbon.framework; sourceTree = "<absolute>"; };
		E45BE9750E8CC7DD009D7055 /* CoreAudio.framework */ = {isa = PBXFileReference; lastKnownFileType = wrapper.framework; name = CoreAudio.framework; path = /System/Library/Frameworks/CoreAudio.framework; sourceTree = "<absolute>"; };
		E45BE9760E8CC7DD009D7055 /* CoreFoundation.framework */ = {isa = PBXFileReference; lastKnownFileType = wrapper.framework; name = CoreFoundation.framework; path = /System/Library/Frameworks/CoreFoundation.framework; sourceTree = "<absolute>"; };
		E45BE9770E8CC7DD009D7055 /* CoreServices.framework */ = {isa = PBXFileReference; lastKnownFileType = wrapper.framework; name = CoreServices.framework; path = /System/Library/Frameworks/CoreServices.framework; sourceTree = "<absolute>"; };
		E45BE9790E8CC7DD009D7055 /* OpenGL.framework */ = {isa = PBXFileReference; lastKnownFileType = wrapper.framework; name = OpenGL.framework; path = /System/Library/Frameworks/OpenGL.framework; sourceTree = "<absolute>"; };
		E45BE97A0E8CC7DD009D7055 /* QuickTime.framework */ = {isa = PBXFileReference; lastKnownFileType = wrapper.framework; name = QuickTime.framework; path = /System/Library/Frameworks/QuickTime.framework; sourceTree = "<absolute>"; };
		E4B69E1D0A3A1BDC003C02F2 /* main.cpp */ = {isa = PBXFileReference; fileEncoding = 30; lastKnownFileType = sourcecode.cpp.cpp; name = main.cpp; path = src/main.cpp; sourceTree = SOURCE_ROOT; };
		E4B69E1E0A3A1BDC003C02F2 /* testApp.cpp */ = {isa = PBXFileReference; explicitFileType = sourcecode.cpp.cpp; fileEncoding = 30; name = testApp.cpp; path = src/testApp.cpp; sourceTree = SOURCE_ROOT; };
		E4B69E1F0A3A1BDC003C02F2 /* testApp.h */ = {isa = PBXFileReference; fileEncoding = 30; lastKnownFileType = sourcecode.c.h; name = testApp.h; path = src/testApp.h; sourceTree = SOURCE_ROOT; };
		E4B6FCAD0C3E899E008CF71C /* openFrameworks-Info.plist */ = {isa = PBXFileReference; fileEncoding = 30; lastKnownFileType = text.plist.xml; path = "openFrameworks-Info.plist"; sourceTree = "<group>"; };
		E4C2424410CC5A17004149E2 /* AppKit.framework */ = {isa = PBXFileReference; lastKnownFileType = wrapper.framework; name = AppKit.framework; path = /System/Library/Frameworks/AppKit.framework; sourceTree = "<absolute>"; };
		E4C2424510CC5A17004149E2 /* Cocoa.framework */ = {isa = PBXFileReference; lastKnownFileType = wrapper.framework; name = Cocoa.framework; path = /System/Library/Frameworks/Cocoa.framework; sourceTree = "<absolute>"; };
		E4C2424610CC5A17004149E2 /* IOKit.framework */ = {isa = PBXFileReference; lastKnownFileType = wrapper.framework; name = IOKit.framework; path = /System/Library/Frameworks/IOKit.framework; sourceTree = "<absolute>"; };
		E4EB691F138AFCF100A09F29 /* CoreOF.xcconfig */ = {isa = PBXFileReference; fileEncoding = 4; lastKnownFileType = text.xcconfig; name = CoreOF.xcconfig; path = ../../../libs/openFrameworksCompiled/project/osx/CoreOF.xcconfig; sourceTree = SOURCE_ROOT; };
		E4EB6923138AFD0F00A09F29 /* Project.xcconfig */ = {isa = PBXFileReference; fileEncoding = 4; lastKnownFileType = text.xcconfig; path = Project.xcconfig; sourceTree = "<group>"; };
/* End PBXFileReference section */

/* Begin PBXFrameworksBuildPhase section */
		E4B69B590A3A1756003C02F2 /* Frameworks */ = {
			isa = PBXFrameworksBuildPhase;
			buildActionMask = 2147483647;
			files = (
				E4EB6799138ADC1D00A09F29 /* GLUT.framework in Frameworks */,
				E4328149138ABC9F0047C5CB /* openFrameworksDebug.a in Frameworks */,
				E45BE97B0E8CC7DD009D7055 /* AGL.framework in Frameworks */,
				E45BE97C0E8CC7DD009D7055 /* ApplicationServices.framework in Frameworks */,
				E45BE97D0E8CC7DD009D7055 /* AudioToolbox.framework in Frameworks */,
				E45BE97E0E8CC7DD009D7055 /* Carbon.framework in Frameworks */,
				E45BE97F0E8CC7DD009D7055 /* CoreAudio.framework in Frameworks */,
				E45BE9800E8CC7DD009D7055 /* CoreFoundation.framework in Frameworks */,
				E45BE9810E8CC7DD009D7055 /* CoreServices.framework in Frameworks */,
				E45BE9830E8CC7DD009D7055 /* OpenGL.framework in Frameworks */,
				E45BE9840E8CC7DD009D7055 /* QuickTime.framework in Frameworks */,
				E4C2424710CC5A17004149E2 /* AppKit.framework in Frameworks */,
				E4C2424810CC5A17004149E2 /* Cocoa.framework in Frameworks */,
				E4C2424910CC5A17004149E2 /* IOKit.framework in Frameworks */,
				92ED49BE14FC25C4007A3292 /* usb-1.0.a in Frameworks */,
			);
			runOnlyForDeploymentPostprocessing = 0;
		};
/* End PBXFrameworksBuildPhase section */

/* Begin PBXGroup section */
		922DE7E214F49F2C009857E5 /* camara_lucida */ = {
			isa = PBXGroup;
			children = (
				922DE7E414F49F2C009857E5 /* README.md */,
				922DE7E514F49F2C009857E5 /* src */,
			);
			name = camara_lucida;
			path = ../../../addons/camara_lucida;
			sourceTree = "<group>";
		};
		922DE7E514F49F2C009857E5 /* src */ = {
			isa = PBXGroup;
			children = (
				922DE7E614F49F2C009857E5 /* CamaraLucida.cpp */,
				922DE7E714F49F2C009857E5 /* CamaraLucida.h */,
				922DE7E814F49F2C009857E5 /* cmlCalibration.h */,
				922DE7E914F49F2C009857E5 /* cmlMesh.cpp */,
				922DE7EA14F49F2C009857E5 /* cmlMesh.h */,
				922DE7EB14F49F2C009857E5 /* cmlUtils.h */,
				922DE7EC14F49F2C009857E5 /* freenect */,
				922DE7F114F49F2C009857E5 /* ofxPlane.h */,
				922DE7F514F49F2C009857E5 /* todo */,
			);
			path = src;
			sourceTree = "<group>";
		};
		922DE7EC14F49F2C009857E5 /* freenect */ = {
			isa = PBXGroup;
			children = (
				922DE7ED14F49F2C009857E5 /* cmlMesh_freenect.cpp */,
				922DE7EE14F49F2C009857E5 /* cmlMesh_freenect.h */,
				922DE7EF14F49F2C009857E5 /* cmlMesh_freenect_opencl.cpp */,
				922DE7F014F49F2C009857E5 /* cmlMesh_freenect_opencl.h */,
			);
			path = freenect;
			sourceTree = "<group>";
		};
		922DE7FB14F49F6D009857E5 /* ofxXmlSettings */ = {
			isa = PBXGroup;
			children = (
				922DE7FC14F49F6D009857E5 /* install.xml */,
				922DE7FD14F49F6D009857E5 /* libs */,
				922DE80214F49F6D009857E5 /* src */,
			);
			name = ofxXmlSettings;
			path = ../../../addons/ofxXmlSettings;
			sourceTree = "<group>";
		};
		922DE7FD14F49F6D009857E5 /* libs */ = {
			isa = PBXGroup;
			children = (
				922DE7FE14F49F6D009857E5 /* tinyxml.cpp */,
				922DE7FF14F49F6D009857E5 /* tinyxml.h */,
				922DE80014F49F6D009857E5 /* tinyxmlerror.cpp */,
				922DE80114F49F6D009857E5 /* tinyxmlparser.cpp */,
			);
			path = libs;
			sourceTree = "<group>";
		};
		922DE80214F49F6D009857E5 /* src */ = {
			isa = PBXGroup;
			children = (
				922DE80314F49F6D009857E5 /* ofxXmlSettings.cpp */,
				922DE80414F49F6D009857E5 /* ofxXmlSettings.h */,
			);
			path = src;
			sourceTree = "<group>";
		};
		922DE80D14F49FC3009857E5 /* MSACore */ = {
			isa = PBXGroup;
			children = (
				922DE80E14F49FC3009857E5 /* install.xml */,
				922DE80F14F49FC3009857E5 /* src */,
			);
			name = MSACore;
			path = ../../../addons/MSACore;
			sourceTree = "<group>";
		};
		922DE80F14F49FC3009857E5 /* src */ = {
			isa = PBXGroup;
			children = (
				922DE81014F49FC3009857E5 /* cinder-lite */,
				922DE81614F49FC3009857E5 /* MSACore-Cinder.h */,
				922DE81714F49FC3009857E5 /* MSACore-OF.h */,
				922DE81814F49FC3009857E5 /* MSACore.h */,
				922DE81914F49FC3009857E5 /* MSACoreCommon.h */,
				922DE81A14F49FC3009857E5 /* MSACoreGL.cpp */,
				922DE81B14F49FC3009857E5 /* MSACoreGL.h */,
				922DE81C14F49FC3009857E5 /* MSACoreMath.h */,
			);
			path = src;
			sourceTree = "<group>";
		};
		922DE81014F49FC3009857E5 /* cinder-lite */ = {
			isa = PBXGroup;
			children = (
				922DE81114F49FC3009857E5 /* ChanTraits.h */,
				922DE81214F49FC3009857E5 /* CinderMath.h */,
				922DE81314F49FC3009857E5 /* Color.cpp */,
				922DE81414F49FC3009857E5 /* Color.h */,
				922DE81514F49FC3009857E5 /* Vector.h */,
			);
			path = "cinder-lite";
			sourceTree = "<group>";
		};
		922DE81D14F49FC3009857E5 /* MSAOpenCL */ = {
			isa = PBXGroup;
			children = (
				922DE81E14F49FC3009857E5 /* changelog.txt */,
				922DE83914F49FC3009857E5 /* install.xml */,
				922DE83A14F49FC3009857E5 /* LICENSE.txt */,
				922DE83B14F49FC3009857E5 /* src */,
			);
			name = MSAOpenCL;
			path = ../../../addons/MSAOpenCL;
			sourceTree = "<group>";
		};
		922DE83B14F49FC3009857E5 /* src */ = {
			isa = PBXGroup;
			children = (
				922DE83C14F49FC3009857E5 /* MSAOpenCL.cpp */,
				922DE83D14F49FC3009857E5 /* MSAOpenCL.h */,
				922DE83E14F49FC3009857E5 /* MSAOpenCLBuffer.cpp */,
				922DE83F14F49FC3009857E5 /* MSAOpenCLBuffer.h */,
				922DE84014F49FC3009857E5 /* MSAOpenCLImage.cpp */,
				922DE84114F49FC3009857E5 /* MSAOpenCLImage.h */,
				922DE84214F49FC3009857E5 /* MSAOpenCLImagePingPong.h */,
				922DE84314F49FC3009857E5 /* MSAOpenCLKernel.cpp */,
				922DE84414F49FC3009857E5 /* MSAOpenCLKernel.h */,
				922DE84514F49FC3009857E5 /* MSAOpenCLMemoryObject.cpp */,
				922DE84614F49FC3009857E5 /* MSAOpenCLMemoryObject.h */,
				922DE84714F49FC3009857E5 /* MSAOpenCLProgram.cpp */,
				922DE84814F49FC3009857E5 /* MSAOpenCLProgram.h */,
				922DE84914F49FC3009857E5 /* MSAOpenCLTypes.h */,
			);
			path = src;
			sourceTree = "<group>";
		};
		922DE84A14F49FC3009857E5 /* MSAPingPong */ = {
			isa = PBXGroup;
			children = (
				922DE84B14F49FC3009857E5 /* src */,
			);
			name = MSAPingPong;
			path = ../../../addons/MSAPingPong;
			sourceTree = "<group>";
		};
		922DE84B14F49FC3009857E5 /* src */ = {
			isa = PBXGroup;
			children = (
				922DE84C14F49FC3009857E5 /* MSAPingPong.h */,
			);
			path = src;
			sourceTree = "<group>";
		};
		922DE85E14F49FD2009857E5 /* ofxThread */ = {
			isa = PBXGroup;
			children = (
				922DE85F14F49FD2009857E5 /* src */,
			);
			name = ofxThread;
			path = ../../../addons/ofxThread;
			sourceTree = "<group>";
		};
		922DE85F14F49FD2009857E5 /* src */ = {
			isa = PBXGroup;
			children = (
				922DE86014F49FD2009857E5 /* ofxThread.h */,
			);
			path = src;
			sourceTree = "<group>";
		};
		9277C01114CB94AE008F5FF4 /* ofxCv */ = {
			isa = PBXGroup;
			children = (
				9277C01314CB94AE008F5FF4 /* libs */,
				9277C02A14CB94AE008F5FF4 /* src */,
			);
			name = ofxCv;
			path = ../../../addons/ofxCv;
			sourceTree = "<group>";
		};
		9277C01314CB94AE008F5FF4 /* libs */ = {
			isa = PBXGroup;
			children = (
				9277C01514CB94AE008F5FF4 /* ofxCv */,
			);
			path = libs;
			sourceTree = "<group>";
		};
		9277C01514CB94AE008F5FF4 /* ofxCv */ = {
			isa = PBXGroup;
			children = (
				9277C01614CB94AE008F5FF4 /* include */,
				9277C02014CB94AE008F5FF4 /* src */,
			);
			path = ofxCv;
			sourceTree = "<group>";
		};
		9277C01614CB94AE008F5FF4 /* include */ = {
			isa = PBXGroup;
			children = (
				9277C01714CB94AE008F5FF4 /* ofxCv */,
			);
			path = include;
			sourceTree = "<group>";
		};
		9277C01714CB94AE008F5FF4 /* ofxCv */ = {
			isa = PBXGroup;
			children = (
				9277C01814CB94AE008F5FF4 /* Calibration.h */,
				9277C01914CB94AE008F5FF4 /* ContourFinder.h */,
				9277C01A14CB94AE008F5FF4 /* Distance.h */,
				9277C01B14CB94AE008F5FF4 /* Helpers.h */,
				9277C01C14CB94AE008F5FF4 /* RunningBackground.h */,
				9277C01D14CB94AE008F5FF4 /* Tracker.h */,
				9277C01E14CB94AE008F5FF4 /* Utilities.h */,
				9277C01F14CB94AE008F5FF4 /* Wrappers.h */,
			);
			path = ofxCv;
			sourceTree = "<group>";
		};
		9277C02014CB94AE008F5FF4 /* src */ = {
			isa = PBXGroup;
			children = (
				9277C02114CB94AE008F5FF4 /* Calibration.cpp */,
				9277C02214CB94AE008F5FF4 /* ContourFinder.cpp */,
				9277C02314CB94AE008F5FF4 /* Distance.cpp */,
				9277C02414CB94AE008F5FF4 /* Helpers.cpp */,
				9277C02514CB94AE008F5FF4 /* RunningBackground.cpp */,
				9277C02614CB94AE008F5FF4 /* Tracker.cpp */,
				9277C02714CB94AE008F5FF4 /* Utilities.cpp */,
				9277C02814CB94AE008F5FF4 /* Wrappers.cpp */,
			);
			path = src;
			sourceTree = "<group>";
		};
		9277C02A14CB94AE008F5FF4 /* src */ = {
			isa = PBXGroup;
			children = (
				9277C02B14CB94AE008F5FF4 /* ofxCv.h */,
			);
			path = src;
			sourceTree = "<group>";
		};
		92ED493914FC25C3007A3292 /* ofxKinect */ = {
			isa = PBXGroup;
			children = (
				92ED495514FC25C3007A3292 /* libs */,
				92ED49A414FC25C3007A3292 /* LICENSE.txt */,
				92ED49A514FC25C3007A3292 /* README.markdown */,
				92ED49A614FC25C3007A3292 /* src */,
			);
			name = ofxKinect;
			path = ../../../addons/ofxKinect;
			sourceTree = "<group>";
		};
		92ED495514FC25C3007A3292 /* libs */ = {
			isa = PBXGroup;
			children = (
				92ED495614FC25C3007A3292 /* libfreenect */,
				92ED496B14FC25C3007A3292 /* libusb */,
			);
			path = libs;
			sourceTree = "<group>";
		};
		92ED495614FC25C3007A3292 /* libfreenect */ = {
			isa = PBXGroup;
			children = (
				92ED495714FC25C3007A3292 /* APACHE20 */,
				92ED495814FC25C3007A3292 /* cameras.c */,
				92ED495914FC25C3007A3292 /* cameras.h */,
				92ED495A14FC25C3007A3292 /* CONTRIB */,
				92ED495B14FC25C3007A3292 /* core.c */,
				92ED495C14FC25C3007A3292 /* freenect_internal.h */,
				92ED495D14FC25C3007A3292 /* GPL2 */,
				92ED496214FC25C3007A3292 /* libfreenect-registration.h */,
				92ED496314FC25C3007A3292 /* libfreenect.h */,
				92ED496414FC25C3007A3292 /* libfreenect.hpp */,
				92ED496514FC25C3007A3292 /* libfreenect.pc.in */,
				92ED496614FC25C3007A3292 /* registration.c */,
				92ED496714FC25C3007A3292 /* registration.h */,
				92ED496814FC25C3007A3292 /* tilt.c */,
				92ED496914FC25C3007A3292 /* usb_libusb10.c */,
				92ED496A14FC25C3007A3292 /* usb_libusb10.h */,
			);
			path = libfreenect;
			sourceTree = "<group>";
		};
		92ED496B14FC25C3007A3292 /* libusb */ = {
			isa = PBXGroup;
			children = (
				92ED496C14FC25C3007A3292 /* osx */,
			);
			path = libusb;
			sourceTree = "<group>";
		};
		92ED496C14FC25C3007A3292 /* osx */ = {
			isa = PBXGroup;
			children = (
				92ED496D14FC25C3007A3292 /* include */,
				92ED497014FC25C3007A3292 /* libs */,
			);
			path = osx;
			sourceTree = "<group>";
		};
		92ED496D14FC25C3007A3292 /* include */ = {
			isa = PBXGroup;
			children = (
				92ED496E14FC25C3007A3292 /* libusb-1.0 */,
			);
			path = include;
			sourceTree = "<group>";
		};
		92ED496E14FC25C3007A3292 /* libusb-1.0 */ = {
			isa = PBXGroup;
			children = (
				92ED496F14FC25C3007A3292 /* libusb.h */,
			);
			path = "libusb-1.0";
			sourceTree = "<group>";
		};
		92ED497014FC25C3007A3292 /* libs */ = {
			isa = PBXGroup;
			children = (
				92ED497114FC25C3007A3292 /* usb-1.0.a */,
			);
			path = libs;
			sourceTree = "<group>";
		};
		92ED49A614FC25C3007A3292 /* src */ = {
			isa = PBXGroup;
			children = (
				92ED49A714FC25C3007A3292 /* ofxBase3DVideo.h */,
				92ED49A814FC25C3007A3292 /* ofxKinect.cpp */,
				92ED49A914FC25C3007A3292 /* ofxKinect.h */,
				92ED49AA14FC25C3007A3292 /* ofxKinectCalibration.cpp */,
				92ED49AB14FC25C3007A3292 /* ofxKinectCalibration.h */,
				92ED49AC14FC25C3007A3292 /* ofxKinectPlayer.cpp */,
				92ED49AD14FC25C3007A3292 /* ofxKinectPlayer.h */,
				92ED49AE14FC25C3007A3292 /* ofxKinectRecorder.cpp */,
				92ED49AF14FC25C3007A3292 /* ofxKinectRecorder.h */,
			);
			path = src;
			sourceTree = "<group>";
		};
		BB4B014C10F69532006C3DED /* addons */ = {
			isa = PBXGroup;
			children = (
				92ED493914FC25C3007A3292 /* ofxKinect */,
				922DE85E14F49FD2009857E5 /* ofxThread */,
				922DE80D14F49FC3009857E5 /* MSACore */,
				922DE81D14F49FC3009857E5 /* MSAOpenCL */,
				922DE84A14F49FC3009857E5 /* MSAPingPong */,
				922DE7FB14F49F6D009857E5 /* ofxXmlSettings */,
				922DE7E214F49F2C009857E5 /* camara_lucida */,
				9277C01114CB94AE008F5FF4 /* ofxCv */,
			);
			name = addons;
			sourceTree = "<group>";
		};
		BBAB23C913894ECA00AA2426 /* system frameworks */ = {
			isa = PBXGroup;
			children = (
				E4C2424410CC5A17004149E2 /* AppKit.framework */,
				E4C2424510CC5A17004149E2 /* Cocoa.framework */,
				E4C2424610CC5A17004149E2 /* IOKit.framework */,
				E45BE9710E8CC7DD009D7055 /* AGL.framework */,
				E45BE9720E8CC7DD009D7055 /* ApplicationServices.framework */,
				E45BE9730E8CC7DD009D7055 /* AudioToolbox.framework */,
				E45BE9740E8CC7DD009D7055 /* Carbon.framework */,
				E45BE9750E8CC7DD009D7055 /* CoreAudio.framework */,
				E45BE9760E8CC7DD009D7055 /* CoreFoundation.framework */,
				E45BE9770E8CC7DD009D7055 /* CoreServices.framework */,
				E45BE9790E8CC7DD009D7055 /* OpenGL.framework */,
				E45BE97A0E8CC7DD009D7055 /* QuickTime.framework */,
			);
			name = "system frameworks";
			sourceTree = "<group>";
		};
		BBAB23CA13894EDB00AA2426 /* 3rd party frameworks */ = {
			isa = PBXGroup;
			children = (
				BBAB23BE13894E4700AA2426 /* GLUT.framework */,
			);
			name = "3rd party frameworks";
			sourceTree = "<group>";
		};
		E4328144138ABC890047C5CB /* Products */ = {
			isa = PBXGroup;
			children = (
				E4328148138ABC890047C5CB /* openFrameworksDebug.a */,
			);
			name = Products;
			sourceTree = "<group>";
		};
		E45BE5980E8CC70C009D7055 /* frameworks */ = {
			isa = PBXGroup;
			children = (
				BBAB23CA13894EDB00AA2426 /* 3rd party frameworks */,
				BBAB23C913894ECA00AA2426 /* system frameworks */,
			);
			name = frameworks;
			sourceTree = "<group>";
		};
		E4B69B4A0A3A1720003C02F2 = {
			isa = PBXGroup;
			children = (
				E4B6FCAD0C3E899E008CF71C /* openFrameworks-Info.plist */,
				E4EB6923138AFD0F00A09F29 /* Project.xcconfig */,
				E4B69E1C0A3A1BDC003C02F2 /* src */,
				E4EEC9E9138DF44700A80321 /* openFrameworks */,
				BB4B014C10F69532006C3DED /* addons */,
				E45BE5980E8CC70C009D7055 /* frameworks */,
				923F486E14C1840800D6EA50 /* wire-lessDebug.app */,
			);
			sourceTree = "<group>";
		};
		E4B69E1C0A3A1BDC003C02F2 /* src */ = {
			isa = PBXGroup;
			children = (
				2F9ED68C14E9ED65002C09BB /* vectorField.cpp */,
				2F9ED68D14E9ED65002C09BB /* vectorField.h */,
				E4B69E1D0A3A1BDC003C02F2 /* main.cpp */,
				E4B69E1E0A3A1BDC003C02F2 /* testApp.cpp */,
				E4B69E1F0A3A1BDC003C02F2 /* testApp.h */,
				2F9ED68F14E9EF84002C09BB /* Particle.h */,
			);
			path = src;
			sourceTree = SOURCE_ROOT;
		};
		E4EEC9E9138DF44700A80321 /* openFrameworks */ = {
			isa = PBXGroup;
			children = (
				E4EB691F138AFCF100A09F29 /* CoreOF.xcconfig */,
				E4328143138ABC890047C5CB /* openFrameworksLib.xcodeproj */,
			);
			name = openFrameworks;
			sourceTree = "<group>";
		};
/* End PBXGroup section */

/* Begin PBXNativeTarget section */
		E4B69B5A0A3A1756003C02F2 /* wire-less */ = {
			isa = PBXNativeTarget;
			buildConfigurationList = E4B69B5F0A3A1757003C02F2 /* Build configuration list for PBXNativeTarget "wire-less" */;
			buildPhases = (
				E4B69B580A3A1756003C02F2 /* Sources */,
				E4B69B590A3A1756003C02F2 /* Frameworks */,
				E4B6FFFD0C3F9AB9008CF71C /* ShellScript */,
				E4C2427710CC5ABF004149E2 /* CopyFiles */,
			);
			buildRules = (
			);
			dependencies = (
				E4EEB9AC138B136A00A80321 /* PBXTargetDependency */,
			);
			name = "wire-less";
			productName = myOFApp;
			productReference = 923F486E14C1840800D6EA50 /* wire-lessDebug.app */;
			productType = "com.apple.product-type.application";
		};
/* End PBXNativeTarget section */

/* Begin PBXProject section */
		E4B69B4C0A3A1720003C02F2 /* Project object */ = {
			isa = PBXProject;
			buildConfigurationList = E4B69B4D0A3A1720003C02F2 /* Build configuration list for PBXProject "wire-less" */;
			compatibilityVersion = "Xcode 2.4";
			developmentRegion = English;
			hasScannedForEncodings = 0;
			knownRegions = (
				English,
				Japanese,
				French,
				German,
			);
			mainGroup = E4B69B4A0A3A1720003C02F2;
			productRefGroup = E4B69B4A0A3A1720003C02F2;
			projectDirPath = "";
			projectReferences = (
				{
					ProductGroup = E4328144138ABC890047C5CB /* Products */;
					ProjectRef = E4328143138ABC890047C5CB /* openFrameworksLib.xcodeproj */;
				},
			);
			projectRoot = "";
			targets = (
				E4B69B5A0A3A1756003C02F2 /* wire-less */,
			);
		};
/* End PBXProject section */

/* Begin PBXReferenceProxy section */
		E4328148138ABC890047C5CB /* openFrameworksDebug.a */ = {
			isa = PBXReferenceProxy;
			fileType = archive.ar;
			path = openFrameworksDebug.a;
			remoteRef = E4328147138ABC890047C5CB /* PBXContainerItemProxy */;
			sourceTree = BUILT_PRODUCTS_DIR;
		};
/* End PBXReferenceProxy section */

/* Begin PBXShellScriptBuildPhase section */
		E4B6FFFD0C3F9AB9008CF71C /* ShellScript */ = {
			isa = PBXShellScriptBuildPhase;
			buildActionMask = 2147483647;
			files = (
			);
			inputPaths = (
			);
			outputPaths = (
			);
			runOnlyForDeploymentPostprocessing = 0;
			shellPath = /bin/sh;
			shellScript = "cp -f ../../../libs/fmodex/lib/osx/libfmodex.dylib \"$TARGET_BUILD_DIR/$PRODUCT_NAME.app/Contents/MacOS/libfmodex.dylib\"; install_name_tool -change ./libfmodex.dylib @executable_path/libfmodex.dylib \"$TARGET_BUILD_DIR/$PRODUCT_NAME.app/Contents/MacOS/$PRODUCT_NAME\";";
		};
/* End PBXShellScriptBuildPhase section */

/* Begin PBXSourcesBuildPhase section */
		E4B69B580A3A1756003C02F2 /* Sources */ = {
			isa = PBXSourcesBuildPhase;
			buildActionMask = 2147483647;
			files = (
				E4B69E200A3A1BDC003C02F2 /* main.cpp in Sources */,
				E4B69E210A3A1BDC003C02F2 /* testApp.cpp in Sources */,
				9277C02D14CB94AE008F5FF4 /* Calibration.cpp in Sources */,
				9277C02E14CB94AE008F5FF4 /* ContourFinder.cpp in Sources */,
				9277C02F14CB94AE008F5FF4 /* Distance.cpp in Sources */,
				9277C03014CB94AE008F5FF4 /* Helpers.cpp in Sources */,
				9277C03114CB94AE008F5FF4 /* RunningBackground.cpp in Sources */,
				9277C03214CB94AE008F5FF4 /* Tracker.cpp in Sources */,
				9277C03314CB94AE008F5FF4 /* Utilities.cpp in Sources */,
				9277C03414CB94AE008F5FF4 /* Wrappers.cpp in Sources */,
				2F9ED68E14E9ED65002C09BB /* vectorField.cpp in Sources */,
				922DE7F614F49F2C009857E5 /* CamaraLucida.cpp in Sources */,
				922DE7F714F49F2C009857E5 /* cmlMesh.cpp in Sources */,
				922DE7F814F49F2C009857E5 /* cmlMesh_freenect.cpp in Sources */,
				922DE7F914F49F2C009857E5 /* cmlMesh_freenect_opencl.cpp in Sources */,
				922DE80514F49F6D009857E5 /* tinyxml.cpp in Sources */,
				922DE80614F49F6D009857E5 /* tinyxmlerror.cpp in Sources */,
				922DE80714F49F6D009857E5 /* tinyxmlparser.cpp in Sources */,
				922DE80814F49F6D009857E5 /* ofxXmlSettings.cpp in Sources */,
				922DE84D14F49FC3009857E5 /* Color.cpp in Sources */,
				922DE84E14F49FC3009857E5 /* MSACoreGL.cpp in Sources */,
				922DE85814F49FC3009857E5 /* MSAOpenCL.cpp in Sources */,
				922DE85914F49FC3009857E5 /* MSAOpenCLBuffer.cpp in Sources */,
				922DE85A14F49FC3009857E5 /* MSAOpenCLImage.cpp in Sources */,
				922DE85B14F49FC3009857E5 /* MSAOpenCLKernel.cpp in Sources */,
				922DE85C14F49FC3009857E5 /* MSAOpenCLMemoryObject.cpp in Sources */,
				922DE85D14F49FC3009857E5 /* MSAOpenCLProgram.cpp in Sources */,
				92ED49B814FC25C4007A3292 /* cameras.c in Sources */,
				92ED49B914FC25C4007A3292 /* core.c in Sources */,
				92ED49BB14FC25C4007A3292 /* registration.c in Sources */,
				92ED49BC14FC25C4007A3292 /* tilt.c in Sources */,
				92ED49BD14FC25C4007A3292 /* usb_libusb10.c in Sources */,
				92ED49BF14FC25C4007A3292 /* ofxKinect.cpp in Sources */,
				92ED49C014FC25C4007A3292 /* ofxKinectCalibration.cpp in Sources */,
				92ED49C114FC25C4007A3292 /* ofxKinectPlayer.cpp in Sources */,
				92ED49C214FC25C4007A3292 /* ofxKinectRecorder.cpp in Sources */,
			);
			runOnlyForDeploymentPostprocessing = 0;
		};
/* End PBXSourcesBuildPhase section */

/* Begin PBXTargetDependency section */
		E4EEB9AC138B136A00A80321 /* PBXTargetDependency */ = {
			isa = PBXTargetDependency;
			name = openFrameworks;
			targetProxy = E4EEB9AB138B136A00A80321 /* PBXContainerItemProxy */;
		};
/* End PBXTargetDependency section */

/* Begin XCBuildConfiguration section */
		E4B69B4E0A3A1720003C02F2 /* Debug */ = {
			isa = XCBuildConfiguration;
			baseConfigurationReference = E4EB6923138AFD0F00A09F29 /* Project.xcconfig */;
			buildSettings = {
				ARCHS = "$(NATIVE_ARCH)";
				CONFIGURATION_BUILD_DIR = "$(SRCROOT)/bin/";
				COPY_PHASE_STRIP = NO;
				DEAD_CODE_STRIPPING = YES;
				GCC_AUTO_VECTORIZATION = YES;
				GCC_ENABLE_SSE3_EXTENSIONS = YES;
				GCC_ENABLE_SUPPLEMENTAL_SSE3_INSTRUCTIONS = YES;
				GCC_INLINES_ARE_PRIVATE_EXTERN = NO;
				GCC_MODEL_TUNING = G5;
				GCC_SYMBOLS_PRIVATE_EXTERN = NO;
				GCC_VERSION = com.apple.compilers.llvmgcc42;
				GCC_WARN_ABOUT_DEPRECATED_FUNCTIONS = NO;
				GCC_WARN_ABOUT_INVALID_OFFSETOF_MACRO = NO;
				GCC_WARN_ALLOW_INCOMPLETE_PROTOCOL = NO;
				GCC_WARN_UNINITIALIZED_AUTOS = NO;
				GCC_WARN_UNUSED_VALUE = NO;
				GCC_WARN_UNUSED_VARIABLE = NO;
				MACOSX_DEPLOYMENT_TARGET = 10.6;
				OTHER_CPLUSPLUSFLAGS = (
					"-D__MACOSX_CORE__",
					"-lpthread",
				);
				SDKROOT = "$(DEVELOPER_SDK_DIR)/MacOSX10.6.sdk";
			};
			name = Debug;
		};
		E4B69B4F0A3A1720003C02F2 /* Release */ = {
			isa = XCBuildConfiguration;
			baseConfigurationReference = E4EB6923138AFD0F00A09F29 /* Project.xcconfig */;
			buildSettings = {
				ARCHS = "$(NATIVE_ARCH)";
				CONFIGURATION_BUILD_DIR = "$(SRCROOT)/bin/";
				COPY_PHASE_STRIP = YES;
				DEAD_CODE_STRIPPING = YES;
				GCC_AUTO_VECTORIZATION = YES;
				GCC_ENABLE_SSE3_EXTENSIONS = YES;
				GCC_ENABLE_SUPPLEMENTAL_SSE3_INSTRUCTIONS = YES;
				GCC_INLINES_ARE_PRIVATE_EXTERN = NO;
				GCC_MODEL_TUNING = G5;
				GCC_OPTIMIZATION_LEVEL = 3;
				GCC_SYMBOLS_PRIVATE_EXTERN = NO;
				GCC_UNROLL_LOOPS = YES;
				GCC_VERSION = com.apple.compilers.llvmgcc42;
				GCC_WARN_ABOUT_DEPRECATED_FUNCTIONS = NO;
				GCC_WARN_ABOUT_INVALID_OFFSETOF_MACRO = NO;
				GCC_WARN_ALLOW_INCOMPLETE_PROTOCOL = NO;
				GCC_WARN_UNINITIALIZED_AUTOS = NO;
				GCC_WARN_UNUSED_VALUE = NO;
				GCC_WARN_UNUSED_VARIABLE = NO;
				MACOSX_DEPLOYMENT_TARGET = 10.6;
				OTHER_CPLUSPLUSFLAGS = (
					"-D__MACOSX_CORE__",
					"-lpthread",
				);
				SDKROOT = "$(DEVELOPER_SDK_DIR)/MacOSX10.6.sdk";
			};
			name = Release;
		};
		E4B69B600A3A1757003C02F2 /* Debug */ = {
			isa = XCBuildConfiguration;
			buildSettings = {
				COPY_PHASE_STRIP = NO;
				FRAMEWORK_SEARCH_PATHS = (
					"$(inherited)",
					"$(FRAMEWORK_SEARCH_PATHS_QUOTED_FOR_TARGET_1)",
				);
				FRAMEWORK_SEARCH_PATHS_QUOTED_FOR_TARGET_1 = "\"$(SRCROOT)/../../../libs/glut/lib/osx\"";
				GCC_DYNAMIC_NO_PIC = NO;
				GCC_ENABLE_FIX_AND_CONTINUE = YES;
				GCC_GENERATE_DEBUGGING_SYMBOLS = YES;
				GCC_MODEL_TUNING = G4;
				GCC_PRECOMPILE_PREFIX_HEADER = YES;
				GCC_PREFIX_HEADER = "$(SYSTEM_LIBRARY_DIR)/Frameworks/Carbon.framework/Headers/Carbon.h";
				INFOPLIST_FILE = "openFrameworks-Info.plist";
				INSTALL_PATH = "$(HOME)/Applications";
				LIBRARY_SEARCH_PATHS = (
					"$(inherited)",
					"$(LIBRARY_SEARCH_PATHS_QUOTED_FOR_TARGET_1)",
					"$(LIBRARY_SEARCH_PATHS_QUOTED_FOR_TARGET_2)",
					"$(LIBRARY_SEARCH_PATHS_QUOTED_FOR_TARGET_3)",
					"$(LIBRARY_SEARCH_PATHS_QUOTED_FOR_TARGET_4)",
					"$(LIBRARY_SEARCH_PATHS_QUOTED_FOR_TARGET_5)",
					"$(LIBRARY_SEARCH_PATHS_QUOTED_FOR_TARGET_6)",
					"$(LIBRARY_SEARCH_PATHS_QUOTED_FOR_TARGET_7)",
					"$(LIBRARY_SEARCH_PATHS_QUOTED_FOR_TARGET_8)",
					"$(LIBRARY_SEARCH_PATHS_QUOTED_FOR_TARGET_9)",
					"$(LIBRARY_SEARCH_PATHS_QUOTED_FOR_TARGET_10)",
					"$(LIBRARY_SEARCH_PATHS_QUOTED_FOR_TARGET_11)",
					"$(LIBRARY_SEARCH_PATHS_QUOTED_FOR_TARGET_12)",
					"$(LIBRARY_SEARCH_PATHS_QUOTED_FOR_TARGET_13)",
					"$(LIBRARY_SEARCH_PATHS_QUOTED_FOR_TARGET_14)",
					"$(LIBRARY_SEARCH_PATHS_QUOTED_FOR_TARGET_15)",
					"$(LIBRARY_SEARCH_PATHS_QUOTED_FOR_TARGET_2)",
					"$(LIBRARY_SEARCH_PATHS_QUOTED_FOR_TARGET_3)",
					"$(LIBRARY_SEARCH_PATHS_QUOTED_FOR_TARGET_7)",
					"$(LIBRARY_SEARCH_PATHS_QUOTED_FOR_TARGET_8)",
					"$(LIBRARY_SEARCH_PATHS_QUOTED_FOR_TARGET_9)",
					"$(LIBRARY_SEARCH_PATHS_QUOTED_FOR_TARGET_10)",
					"$(LIBRARY_SEARCH_PATHS_QUOTED_FOR_TARGET_11)",
					"$(LIBRARY_SEARCH_PATHS_QUOTED_FOR_TARGET_12)",
					"$(LIBRARY_SEARCH_PATHS_QUOTED_FOR_TARGET_13)",
					"$(LIBRARY_SEARCH_PATHS_QUOTED_FOR_TARGET_16)",
					"$(LIBRARY_SEARCH_PATHS_QUOTED_FOR_TARGET_17)",
					"$(LIBRARY_SEARCH_PATHS_QUOTED_FOR_TARGET_18)",
					"$(LIBRARY_SEARCH_PATHS_QUOTED_FOR_TARGET_19)",
					"$(LIBRARY_SEARCH_PATHS_QUOTED_FOR_TARGET_20)",
					"$(LIBRARY_SEARCH_PATHS_QUOTED_FOR_TARGET_21)",
					"$(LIBRARY_SEARCH_PATHS_QUOTED_FOR_TARGET_22)",
					"$(LIBRARY_SEARCH_PATHS_QUOTED_FOR_TARGET_23)",
					"$(LIBRARY_SEARCH_PATHS_QUOTED_FOR_TARGET_24)",
					"$(LIBRARY_SEARCH_PATHS_QUOTED_FOR_TARGET_25)",
					"$(LIBRARY_SEARCH_PATHS_QUOTED_FOR_TARGET_26)",
					"$(LIBRARY_SEARCH_PATHS_QUOTED_FOR_TARGET_27)",
					"$(LIBRARY_SEARCH_PATHS_QUOTED_FOR_TARGET_28)",
					"$(LIBRARY_SEARCH_PATHS_QUOTED_FOR_TARGET_29)",
					"$(LIBRARY_SEARCH_PATHS_QUOTED_FOR_TARGET_30)",
					"$(LIBRARY_SEARCH_PATHS_QUOTED_FOR_TARGET_31)",
					"$(LIBRARY_SEARCH_PATHS_QUOTED_FOR_TARGET_32)",
					"$(LIBRARY_SEARCH_PATHS_QUOTED_FOR_TARGET_33)",
					"$(LIBRARY_SEARCH_PATHS_QUOTED_FOR_TARGET_34)",
					"$(LIBRARY_SEARCH_PATHS_QUOTED_FOR_TARGET_35)",
					"$(LIBRARY_SEARCH_PATHS_QUOTED_FOR_TARGET_36)",
					"$(LIBRARY_SEARCH_PATHS_QUOTED_FOR_TARGET_37)",
					"$(LIBRARY_SEARCH_PATHS_QUOTED_FOR_TARGET_38)",
					"$(LIBRARY_SEARCH_PATHS_QUOTED_FOR_TARGET_39)",
					"$(LIBRARY_SEARCH_PATHS_QUOTED_FOR_TARGET_40)",
					"$(LIBRARY_SEARCH_PATHS_QUOTED_FOR_TARGET_41)",
					"$(LIBRARY_SEARCH_PATHS_QUOTED_FOR_TARGET_42)",
					"$(LIBRARY_SEARCH_PATHS_QUOTED_FOR_TARGET_43)",
					"$(LIBRARY_SEARCH_PATHS_QUOTED_FOR_TARGET_44)",
					"$(LIBRARY_SEARCH_PATHS_QUOTED_FOR_TARGET_45)",
					"$(LIBRARY_SEARCH_PATHS_QUOTED_FOR_TARGET_46)",
					"$(LIBRARY_SEARCH_PATHS_QUOTED_FOR_TARGET_47)",
					"$(LIBRARY_SEARCH_PATHS_QUOTED_FOR_TARGET_48)",
					"$(LIBRARY_SEARCH_PATHS_QUOTED_FOR_TARGET_49)",
					"$(LIBRARY_SEARCH_PATHS_QUOTED_FOR_TARGET_50)",
					"$(LIBRARY_SEARCH_PATHS_QUOTED_FOR_TARGET_51)",
					"$(LIBRARY_SEARCH_PATHS_QUOTED_FOR_TARGET_52)",
					"$(LIBRARY_SEARCH_PATHS_QUOTED_FOR_TARGET_1)",
					"$(LIBRARY_SEARCH_PATHS_QUOTED_FOR_TARGET_2)",
					"$(LIBRARY_SEARCH_PATHS_QUOTED_FOR_TARGET_3)",
					"$(LIBRARY_SEARCH_PATHS_QUOTED_FOR_TARGET_4)",
					"$(LIBRARY_SEARCH_PATHS_QUOTED_FOR_TARGET_5)",
					"$(LIBRARY_SEARCH_PATHS_QUOTED_FOR_TARGET_6)",
					"$(LIBRARY_SEARCH_PATHS_QUOTED_FOR_TARGET_7)",
					"$(LIBRARY_SEARCH_PATHS_QUOTED_FOR_TARGET_8)",
					"$(LIBRARY_SEARCH_PATHS_QUOTED_FOR_TARGET_9)",
					"$(LIBRARY_SEARCH_PATHS_QUOTED_FOR_TARGET_10)",
					"$(LIBRARY_SEARCH_PATHS_QUOTED_FOR_TARGET_11)",
					"$(LIBRARY_SEARCH_PATHS_QUOTED_FOR_TARGET_12)",
				);
				LIBRARY_SEARCH_PATHS_QUOTED_FOR_TARGET_1 = "\"$(SRCROOT)/../../../addons/ofxKinect/libs/libfreenect/lib/vs2010\"";
				LIBRARY_SEARCH_PATHS_QUOTED_FOR_TARGET_10 = "\"$(SRCROOT)/../../../addons/ofxKinect_fresh/libs/libusb/osx/libs\"";
				LIBRARY_SEARCH_PATHS_QUOTED_FOR_TARGET_11 = "\"$(SRCROOT)/../../../addons/ofxKinect/libs/libfreenect/lib/vs2010\"";
				LIBRARY_SEARCH_PATHS_QUOTED_FOR_TARGET_12 = "\"$(SRCROOT)/../../../addons/ofxKinect/libs/libusb/osx/libs\"";
				LIBRARY_SEARCH_PATHS_QUOTED_FOR_TARGET_2 = "\"$(SRCROOT)/../../../addons/ofxKinect/libs/libusb/osx/libs\"";
				LIBRARY_SEARCH_PATHS_QUOTED_FOR_TARGET_3 = "\"$(SRCROOT)/../../../addons/ofxKinect/libs/libfreenect/lib/vs2010\"";
				LIBRARY_SEARCH_PATHS_QUOTED_FOR_TARGET_4 = "\"$(SRCROOT)/../../../addons/ofxKinect/libs/libusb/osx/libs\"";
				LIBRARY_SEARCH_PATHS_QUOTED_FOR_TARGET_5 = "\"$(SRCROOT)/../../../addons/ofxKinect/libs/libfreenect/lib/vs2010\"";
				LIBRARY_SEARCH_PATHS_QUOTED_FOR_TARGET_6 = "\"$(SRCROOT)/../../../addons/ofxKinect/libs/libusb/osx/libs\"";
				LIBRARY_SEARCH_PATHS_QUOTED_FOR_TARGET_7 = "\"$(SRCROOT)/../../../addons/ofxKinect2/libs/libfreenect/lib/vs2010\"";
				LIBRARY_SEARCH_PATHS_QUOTED_FOR_TARGET_8 = "\"$(SRCROOT)/../../../addons/ofxKinect2/libs/libusb/osx/libs\"";
				LIBRARY_SEARCH_PATHS_QUOTED_FOR_TARGET_9 = "\"$(SRCROOT)/../../../addons/ofxKinect_fresh/libs/libfreenect/lib/vs2010\"";
				MACOSX_DEPLOYMENT_TARGET = 10.6;
				PREBINDING = NO;
				PRODUCT_NAME = "$(TARGET_NAME)Debug";
				SDKROOT = "$(DEVELOPER_SDK_DIR)/MacOSX10.6.sdk";
				WRAPPER_EXTENSION = app;
			};
			name = Debug;
		};
		E4B69B610A3A1757003C02F2 /* Release */ = {
			isa = XCBuildConfiguration;
			buildSettings = {
				COPY_PHASE_STRIP = YES;
				FRAMEWORK_SEARCH_PATHS = (
					"$(inherited)",
					"$(FRAMEWORK_SEARCH_PATHS_QUOTED_FOR_TARGET_1)",
				);
				FRAMEWORK_SEARCH_PATHS_QUOTED_FOR_TARGET_1 = "\"$(SRCROOT)/../../../libs/glut/lib/osx\"";
				GCC_ENABLE_FIX_AND_CONTINUE = NO;
				GCC_GENERATE_DEBUGGING_SYMBOLS = NO;
				GCC_MODEL_TUNING = G4;
				GCC_PRECOMPILE_PREFIX_HEADER = YES;
				GCC_PREFIX_HEADER = "$(SYSTEM_LIBRARY_DIR)/Frameworks/Carbon.framework/Headers/Carbon.h";
				INFOPLIST_FILE = "openFrameworks-Info.plist";
				INSTALL_PATH = "$(HOME)/Applications";
				LIBRARY_SEARCH_PATHS = (
					"$(inherited)",
					"$(LIBRARY_SEARCH_PATHS_QUOTED_FOR_TARGET_1)",
					"$(LIBRARY_SEARCH_PATHS_QUOTED_FOR_TARGET_2)",
					"$(LIBRARY_SEARCH_PATHS_QUOTED_FOR_TARGET_3)",
					"$(LIBRARY_SEARCH_PATHS_QUOTED_FOR_TARGET_4)",
					"$(LIBRARY_SEARCH_PATHS_QUOTED_FOR_TARGET_5)",
					"$(LIBRARY_SEARCH_PATHS_QUOTED_FOR_TARGET_6)",
					"$(LIBRARY_SEARCH_PATHS_QUOTED_FOR_TARGET_7)",
					"$(LIBRARY_SEARCH_PATHS_QUOTED_FOR_TARGET_8)",
					"$(LIBRARY_SEARCH_PATHS_QUOTED_FOR_TARGET_9)",
					"$(LIBRARY_SEARCH_PATHS_QUOTED_FOR_TARGET_10)",
					"$(LIBRARY_SEARCH_PATHS_QUOTED_FOR_TARGET_11)",
					"$(LIBRARY_SEARCH_PATHS_QUOTED_FOR_TARGET_12)",
					"$(LIBRARY_SEARCH_PATHS_QUOTED_FOR_TARGET_13)",
					"$(LIBRARY_SEARCH_PATHS_QUOTED_FOR_TARGET_14)",
					"$(LIBRARY_SEARCH_PATHS_QUOTED_FOR_TARGET_15)",
					"$(LIBRARY_SEARCH_PATHS_QUOTED_FOR_TARGET_2)",
					"$(LIBRARY_SEARCH_PATHS_QUOTED_1)",
					"$(LIBRARY_SEARCH_PATHS_QUOTED_FOR_TARGET_3)",
					"$(LIBRARY_SEARCH_PATHS_QUOTED_FOR_TARGET_7)",
					"$(LIBRARY_SEARCH_PATHS_QUOTED_FOR_TARGET_8)",
					"$(LIBRARY_SEARCH_PATHS_QUOTED_FOR_TARGET_9)",
					"$(LIBRARY_SEARCH_PATHS_QUOTED_FOR_TARGET_10)",
					"$(LIBRARY_SEARCH_PATHS_QUOTED_FOR_TARGET_11)",
					"$(LIBRARY_SEARCH_PATHS_QUOTED_FOR_TARGET_12)",
					"$(LIBRARY_SEARCH_PATHS_QUOTED_FOR_TARGET_13)",
					"$(LIBRARY_SEARCH_PATHS_QUOTED_FOR_TARGET_16)",
					"$(LIBRARY_SEARCH_PATHS_QUOTED_FOR_TARGET_17)",
					"$(LIBRARY_SEARCH_PATHS_QUOTED_FOR_TARGET_18)",
					"$(LIBRARY_SEARCH_PATHS_QUOTED_FOR_TARGET_19)",
					"$(LIBRARY_SEARCH_PATHS_QUOTED_FOR_TARGET_20)",
					"$(LIBRARY_SEARCH_PATHS_QUOTED_FOR_TARGET_21)",
					"$(LIBRARY_SEARCH_PATHS_QUOTED_FOR_TARGET_22)",
					"$(LIBRARY_SEARCH_PATHS_QUOTED_FOR_TARGET_23)",
					"$(LIBRARY_SEARCH_PATHS_QUOTED_FOR_TARGET_24)",
					"$(LIBRARY_SEARCH_PATHS_QUOTED_FOR_TARGET_25)",
					"$(LIBRARY_SEARCH_PATHS_QUOTED_FOR_TARGET_26)",
					"$(LIBRARY_SEARCH_PATHS_QUOTED_FOR_TARGET_27)",
					"$(LIBRARY_SEARCH_PATHS_QUOTED_FOR_TARGET_28)",
					"$(LIBRARY_SEARCH_PATHS_QUOTED_FOR_TARGET_29)",
					"$(LIBRARY_SEARCH_PATHS_QUOTED_FOR_TARGET_30)",
					"$(LIBRARY_SEARCH_PATHS_QUOTED_FOR_TARGET_31)",
					"$(LIBRARY_SEARCH_PATHS_QUOTED_FOR_TARGET_32)",
					"$(LIBRARY_SEARCH_PATHS_QUOTED_FOR_TARGET_33)",
					"$(LIBRARY_SEARCH_PATHS_QUOTED_FOR_TARGET_34)",
					"$(LIBRARY_SEARCH_PATHS_QUOTED_FOR_TARGET_35)",
					"$(LIBRARY_SEARCH_PATHS_QUOTED_FOR_TARGET_36)",
					"$(LIBRARY_SEARCH_PATHS_QUOTED_FOR_TARGET_37)",
					"$(LIBRARY_SEARCH_PATHS_QUOTED_FOR_TARGET_38)",
					"$(LIBRARY_SEARCH_PATHS_QUOTED_FOR_TARGET_39)",
					"$(LIBRARY_SEARCH_PATHS_QUOTED_FOR_TARGET_40)",
					"$(LIBRARY_SEARCH_PATHS_QUOTED_FOR_TARGET_41)",
					"$(LIBRARY_SEARCH_PATHS_QUOTED_FOR_TARGET_42)",
					"$(LIBRARY_SEARCH_PATHS_QUOTED_FOR_TARGET_43)",
					"$(LIBRARY_SEARCH_PATHS_QUOTED_FOR_TARGET_44)",
					"$(LIBRARY_SEARCH_PATHS_QUOTED_FOR_TARGET_45)",
					"$(LIBRARY_SEARCH_PATHS_QUOTED_FOR_TARGET_46)",
					"$(LIBRARY_SEARCH_PATHS_QUOTED_FOR_TARGET_47)",
					"$(LIBRARY_SEARCH_PATHS_QUOTED_FOR_TARGET_48)",
					"$(LIBRARY_SEARCH_PATHS_QUOTED_FOR_TARGET_49)",
					"$(LIBRARY_SEARCH_PATHS_QUOTED_FOR_TARGET_50)",
					"$(LIBRARY_SEARCH_PATHS_QUOTED_FOR_TARGET_51)",
					"$(LIBRARY_SEARCH_PATHS_QUOTED_1)",
					"$(LIBRARY_SEARCH_PATHS_QUOTED_2)",
					"$(LIBRARY_SEARCH_PATHS_QUOTED_FOR_TARGET_1)",
					"$(LIBRARY_SEARCH_PATHS_QUOTED_FOR_TARGET_2)",
					"$(LIBRARY_SEARCH_PATHS_QUOTED_FOR_TARGET_3)",
					"$(LIBRARY_SEARCH_PATHS_QUOTED_FOR_TARGET_4)",
					"$(LIBRARY_SEARCH_PATHS_QUOTED_FOR_TARGET_5)",
					"$(LIBRARY_SEARCH_PATHS_QUOTED_FOR_TARGET_6)",
					"$(LIBRARY_SEARCH_PATHS_QUOTED_FOR_TARGET_7)",
					"$(LIBRARY_SEARCH_PATHS_QUOTED_FOR_TARGET_8)",
					"$(LIBRARY_SEARCH_PATHS_QUOTED_FOR_TARGET_9)",
					"$(LIBRARY_SEARCH_PATHS_QUOTED_FOR_TARGET_10)",
				);
				LIBRARY_SEARCH_PATHS_QUOTED_1 = "\"$(SRCROOT)/../../../addons/ofxKinect/libs/libfreenect/lib/vs2010\"";
				LIBRARY_SEARCH_PATHS_QUOTED_2 = "\"$(SRCROOT)/../../../addons/ofxKinect/libs/libusb/osx/libs\"";
				LIBRARY_SEARCH_PATHS_QUOTED_FOR_TARGET_1 = "\"$(SRCROOT)/../../../addons/ofxKinect/libs/libfreenect/lib/vs2010\"";
				LIBRARY_SEARCH_PATHS_QUOTED_FOR_TARGET_10 = "\"$(SRCROOT)/../../../addons/ofxKinect/libs/libusb/osx/libs\"";
				LIBRARY_SEARCH_PATHS_QUOTED_FOR_TARGET_2 = "\"$(SRCROOT)/../../../addons/ofxKinect/libs/libusb/osx/libs\"";
				LIBRARY_SEARCH_PATHS_QUOTED_FOR_TARGET_3 = "\"$(SRCROOT)/../../../addons/ofxKinect/libs/libfreenect/lib/vs2010\"";
				LIBRARY_SEARCH_PATHS_QUOTED_FOR_TARGET_4 = "\"$(SRCROOT)/../../../addons/ofxKinect/libs/libusb/osx/libs\"";
				LIBRARY_SEARCH_PATHS_QUOTED_FOR_TARGET_5 = "\"$(SRCROOT)/../../../addons/ofxKinect2/libs/libfreenect/lib/vs2010\"";
				LIBRARY_SEARCH_PATHS_QUOTED_FOR_TARGET_6 = "\"$(SRCROOT)/../../../addons/ofxKinect2/libs/libusb/osx/libs\"";
				LIBRARY_SEARCH_PATHS_QUOTED_FOR_TARGET_7 = "\"$(SRCROOT)/../../../addons/ofxKinect_fresh/libs/libfreenect/lib/vs2010\"";
				LIBRARY_SEARCH_PATHS_QUOTED_FOR_TARGET_8 = "\"$(SRCROOT)/../../../addons/ofxKinect_fresh/libs/libusb/osx/libs\"";
				LIBRARY_SEARCH_PATHS_QUOTED_FOR_TARGET_9 = "\"$(SRCROOT)/../../../addons/ofxKinect/libs/libfreenect/lib/vs2010\"";
				MACOSX_DEPLOYMENT_TARGET = 10.6;
				PREBINDING = NO;
				PRODUCT_NAME = "$(TARGET_NAME)";
				SDKROOT = "$(DEVELOPER_SDK_DIR)/MacOSX10.6.sdk";
				WRAPPER_EXTENSION = app;
			};
			name = Release;
		};
/* End XCBuildConfiguration section */

/* Begin XCConfigurationList section */
		E4B69B4D0A3A1720003C02F2 /* Build configuration list for PBXProject "wire-less" */ = {
			isa = XCConfigurationList;
			buildConfigurations = (
				E4B69B4E0A3A1720003C02F2 /* Debug */,
				E4B69B4F0A3A1720003C02F2 /* Release */,
			);
			defaultConfigurationIsVisible = 0;
			defaultConfigurationName = Release;
		};
		E4B69B5F0A3A1757003C02F2 /* Build configuration list for PBXNativeTarget "wire-less" */ = {
			isa = XCConfigurationList;
			buildConfigurations = (
				E4B69B600A3A1757003C02F2 /* Debug */,
				E4B69B610A3A1757003C02F2 /* Release */,
			);
			defaultConfigurationIsVisible = 0;
			defaultConfigurationName = Release;
		};
/* End XCConfigurationList section */
	};
	rootObject = E4B69B4C0A3A1720003C02F2 /* Project object */;
}
